// !$*UTF8*$!
{
	archiveVersion = 1;
	classes = {
	};
	objectVersion = 46;
	objects = {

/* Begin PBXBuildFile section */
		664EC8711E6962030059D2BA /* QRViewerViewController.swift in Sources */ = {isa = PBXBuildFile; fileRef = 664EC8701E6962030059D2BA /* QRViewerViewController.swift */; };
		669E93061E6874A400C2C17F /* FirstViewController.swift in Sources */ = {isa = PBXBuildFile; fileRef = 669E93051E6874A400C2C17F /* FirstViewController.swift */; };
		66A88E1B1E5F0794001789FD /* Main.storyboard in Resources */ = {isa = PBXBuildFile; fileRef = 66A88E191E5F0794001789FD /* Main.storyboard */; };
		66BF45191E5DCFDC001CE9E9 /* SignInViewController.swift in Sources */ = {isa = PBXBuildFile; fileRef = 66BF45181E5DCFDC001CE9E9 /* SignInViewController.swift */; };
		66BF451B1E5DCFF9001CE9E9 /* GoogleService-Info.plist in Resources */ = {isa = PBXBuildFile; fileRef = 66BF451A1E5DCFF9001CE9E9 /* GoogleService-Info.plist */; };
		66CF94581E6C39A500CF3034 /* InLobbyViewController.swift in Sources */ = {isa = PBXBuildFile; fileRef = 66CF94571E6C39A500CF3034 /* InLobbyViewController.swift */; };
		98E606551E5C8FF40023C275 /* AppDelegate.swift in Sources */ = {isa = PBXBuildFile; fileRef = 98E606541E5C8FF40023C275 /* AppDelegate.swift */; };
		98E606571E5C8FF40023C275 /* GameScene.sks in Resources */ = {isa = PBXBuildFile; fileRef = 98E606561E5C8FF40023C275 /* GameScene.sks */; };
		98E606591E5C8FF40023C275 /* Actions.sks in Resources */ = {isa = PBXBuildFile; fileRef = 98E606581E5C8FF40023C275 /* Actions.sks */; };
		98E6065D1E5C8FF40023C275 /* GameViewController.swift in Sources */ = {isa = PBXBuildFile; fileRef = 98E6065C1E5C8FF40023C275 /* GameViewController.swift */; };
		98E606621E5C8FF50023C275 /* Assets.xcassets in Resources */ = {isa = PBXBuildFile; fileRef = 98E606611E5C8FF50023C275 /* Assets.xcassets */; };
		98E606651E5C8FF50023C275 /* LaunchScreen.storyboard in Resources */ = {isa = PBXBuildFile; fileRef = 98E606631E5C8FF50023C275 /* LaunchScreen.storyboard */; };
		98E606701E5C8FF50023C275 /* ProjectGreenTests.swift in Sources */ = {isa = PBXBuildFile; fileRef = 98E6066F1E5C8FF50023C275 /* ProjectGreenTests.swift */; };
		98E6067B1E5C8FF50023C275 /* ProjectGreenUITests.swift in Sources */ = {isa = PBXBuildFile; fileRef = 98E6067A1E5C8FF50023C275 /* ProjectGreenUITests.swift */; };
		CB598149E1CD232CC2B917EF /* Pods_ProjectGreenTests.framework in Frameworks */ = {isa = PBXBuildFile; fileRef = 5537ED5C5908DBA11F64292B /* Pods_ProjectGreenTests.framework */; };
		CEE036C877306CB141E92D5F /* Pods_ProjectGreenUITests.framework in Frameworks */ = {isa = PBXBuildFile; fileRef = 12726B40980C3A2FFAB2BF88 /* Pods_ProjectGreenUITests.framework */; };
		F822F3588E41AD1E3DC15AB4 /* Pods_ProjectGreen.framework in Frameworks */ = {isa = PBXBuildFile; fileRef = 05FCC7B2F3199301684F0785 /* Pods_ProjectGreen.framework */; };
/* End PBXBuildFile section */

/* Begin PBXContainerItemProxy section */
		98E6066C1E5C8FF50023C275 /* PBXContainerItemProxy */ = {
			isa = PBXContainerItemProxy;
			containerPortal = 98E606491E5C8FF40023C275 /* Project object */;
			proxyType = 1;
			remoteGlobalIDString = 98E606501E5C8FF40023C275;
			remoteInfo = ProjectGreen;
		};
		98E606771E5C8FF50023C275 /* PBXContainerItemProxy */ = {
			isa = PBXContainerItemProxy;
			containerPortal = 98E606491E5C8FF40023C275 /* Project object */;
			proxyType = 1;
			remoteGlobalIDString = 98E606501E5C8FF40023C275;
			remoteInfo = ProjectGreen;
		};
/* End PBXContainerItemProxy section */

/* Begin PBXFileReference section */
		05FCC7B2F3199301684F0785 /* Pods_ProjectGreen.framework */ = {isa = PBXFileReference; explicitFileType = wrapper.framework; includeInIndex = 0; path = Pods_ProjectGreen.framework; sourceTree = BUILT_PRODUCTS_DIR; };
		12726B40980C3A2FFAB2BF88 /* Pods_ProjectGreenUITests.framework */ = {isa = PBXFileReference; explicitFileType = wrapper.framework; includeInIndex = 0; path = Pods_ProjectGreenUITests.framework; sourceTree = BUILT_PRODUCTS_DIR; };
		5537ED5C5908DBA11F64292B /* Pods_ProjectGreenTests.framework */ = {isa = PBXFileReference; explicitFileType = wrapper.framework; includeInIndex = 0; path = Pods_ProjectGreenTests.framework; sourceTree = BUILT_PRODUCTS_DIR; };
		664EC8701E6962030059D2BA /* QRViewerViewController.swift */ = {isa = PBXFileReference; fileEncoding = 4; lastKnownFileType = sourcecode.swift; path = QRViewerViewController.swift; sourceTree = "<group>"; };
		669E93051E6874A400C2C17F /* FirstViewController.swift */ = {isa = PBXFileReference; fileEncoding = 4; lastKnownFileType = sourcecode.swift; path = FirstViewController.swift; sourceTree = "<group>"; };
		66A88E1A1E5F0794001789FD /* Base */ = {isa = PBXFileReference; lastKnownFileType = file.storyboard; name = Base; path = Base.lproj/Main.storyboard; sourceTree = "<group>"; };
		66BF45181E5DCFDC001CE9E9 /* SignInViewController.swift */ = {isa = PBXFileReference; fileEncoding = 4; lastKnownFileType = sourcecode.swift; path = SignInViewController.swift; sourceTree = "<group>"; };
		66BF451A1E5DCFF9001CE9E9 /* GoogleService-Info.plist */ = {isa = PBXFileReference; fileEncoding = 4; lastKnownFileType = text.plist.xml; path = "GoogleService-Info.plist"; sourceTree = "<group>"; };
		66CF94571E6C39A500CF3034 /* InLobbyViewController.swift */ = {isa = PBXFileReference; fileEncoding = 4; lastKnownFileType = sourcecode.swift; path = InLobbyViewController.swift; sourceTree = "<group>"; };
		6A57A45F00161A8702ED7F8B /* Pods-ProjectGreenUITests.release.xcconfig */ = {isa = PBXFileReference; includeInIndex = 1; lastKnownFileType = text.xcconfig; name = "Pods-ProjectGreenUITests.release.xcconfig"; path = "Pods/Target Support Files/Pods-ProjectGreenUITests/Pods-ProjectGreenUITests.release.xcconfig"; sourceTree = "<group>"; };
		74F4A61515DDE77B2A3D3013 /* Pods-ProjectGreen.debug.xcconfig */ = {isa = PBXFileReference; includeInIndex = 1; lastKnownFileType = text.xcconfig; name = "Pods-ProjectGreen.debug.xcconfig"; path = "Pods/Target Support Files/Pods-ProjectGreen/Pods-ProjectGreen.debug.xcconfig"; sourceTree = "<group>"; };
		988255E0800975DBE63C872F /* Pods-ProjectGreenTests.debug.xcconfig */ = {isa = PBXFileReference; includeInIndex = 1; lastKnownFileType = text.xcconfig; name = "Pods-ProjectGreenTests.debug.xcconfig"; path = "Pods/Target Support Files/Pods-ProjectGreenTests/Pods-ProjectGreenTests.debug.xcconfig"; sourceTree = "<group>"; };
		98E606511E5C8FF40023C275 /* ProjectGreen.app */ = {isa = PBXFileReference; explicitFileType = wrapper.application; includeInIndex = 0; path = ProjectGreen.app; sourceTree = BUILT_PRODUCTS_DIR; };
		98E606541E5C8FF40023C275 /* AppDelegate.swift */ = {isa = PBXFileReference; lastKnownFileType = sourcecode.swift; path = AppDelegate.swift; sourceTree = "<group>"; };
		98E606561E5C8FF40023C275 /* GameScene.sks */ = {isa = PBXFileReference; lastKnownFileType = file.sks; path = GameScene.sks; sourceTree = "<group>"; };
		98E606581E5C8FF40023C275 /* Actions.sks */ = {isa = PBXFileReference; lastKnownFileType = file.sks; path = Actions.sks; sourceTree = "<group>"; };
		98E6065C1E5C8FF40023C275 /* GameViewController.swift */ = {isa = PBXFileReference; lastKnownFileType = sourcecode.swift; path = GameViewController.swift; sourceTree = "<group>"; };
		98E606611E5C8FF50023C275 /* Assets.xcassets */ = {isa = PBXFileReference; lastKnownFileType = folder.assetcatalog; path = Assets.xcassets; sourceTree = "<group>"; };
		98E606641E5C8FF50023C275 /* Base */ = {isa = PBXFileReference; lastKnownFileType = file.storyboard; name = Base; path = Base.lproj/LaunchScreen.storyboard; sourceTree = "<group>"; };
		98E606661E5C8FF50023C275 /* Info.plist */ = {isa = PBXFileReference; lastKnownFileType = text.plist.xml; path = Info.plist; sourceTree = "<group>"; };
		98E6066B1E5C8FF50023C275 /* ProjectGreenTests.xctest */ = {isa = PBXFileReference; explicitFileType = wrapper.cfbundle; includeInIndex = 0; path = ProjectGreenTests.xctest; sourceTree = BUILT_PRODUCTS_DIR; };
		98E6066F1E5C8FF50023C275 /* ProjectGreenTests.swift */ = {isa = PBXFileReference; lastKnownFileType = sourcecode.swift; path = ProjectGreenTests.swift; sourceTree = "<group>"; };
		98E606711E5C8FF50023C275 /* Info.plist */ = {isa = PBXFileReference; lastKnownFileType = text.plist.xml; path = Info.plist; sourceTree = "<group>"; };
		98E606761E5C8FF50023C275 /* ProjectGreenUITests.xctest */ = {isa = PBXFileReference; explicitFileType = wrapper.cfbundle; includeInIndex = 0; path = ProjectGreenUITests.xctest; sourceTree = BUILT_PRODUCTS_DIR; };
		98E6067A1E5C8FF50023C275 /* ProjectGreenUITests.swift */ = {isa = PBXFileReference; lastKnownFileType = sourcecode.swift; path = ProjectGreenUITests.swift; sourceTree = "<group>"; };
		98E6067C1E5C8FF50023C275 /* Info.plist */ = {isa = PBXFileReference; lastKnownFileType = text.plist.xml; path = Info.plist; sourceTree = "<group>"; };
		AE0CCAD71B505D4D95383D30 /* Pods-ProjectGreenUITests.debug.xcconfig */ = {isa = PBXFileReference; includeInIndex = 1; lastKnownFileType = text.xcconfig; name = "Pods-ProjectGreenUITests.debug.xcconfig"; path = "Pods/Target Support Files/Pods-ProjectGreenUITests/Pods-ProjectGreenUITests.debug.xcconfig"; sourceTree = "<group>"; };
		B58BC7B94B2F9767EDA31F0E /* Pods-ProjectGreenTests.release.xcconfig */ = {isa = PBXFileReference; includeInIndex = 1; lastKnownFileType = text.xcconfig; name = "Pods-ProjectGreenTests.release.xcconfig"; path = "Pods/Target Support Files/Pods-ProjectGreenTests/Pods-ProjectGreenTests.release.xcconfig"; sourceTree = "<group>"; };
		CDCC320C05AC7AD5EB604AA1 /* Pods-ProjectGreen.release.xcconfig */ = {isa = PBXFileReference; includeInIndex = 1; lastKnownFileType = text.xcconfig; name = "Pods-ProjectGreen.release.xcconfig"; path = "Pods/Target Support Files/Pods-ProjectGreen/Pods-ProjectGreen.release.xcconfig"; sourceTree = "<group>"; };
/* End PBXFileReference section */

/* Begin PBXFrameworksBuildPhase section */
		98E6064E1E5C8FF40023C275 /* Frameworks */ = {
			isa = PBXFrameworksBuildPhase;
			buildActionMask = 2147483647;
			files = (
				F822F3588E41AD1E3DC15AB4 /* Pods_ProjectGreen.framework in Frameworks */,
			);
			runOnlyForDeploymentPostprocessing = 0;
		};
		98E606681E5C8FF50023C275 /* Frameworks */ = {
			isa = PBXFrameworksBuildPhase;
			buildActionMask = 2147483647;
			files = (
				CB598149E1CD232CC2B917EF /* Pods_ProjectGreenTests.framework in Frameworks */,
			);
			runOnlyForDeploymentPostprocessing = 0;
		};
		98E606731E5C8FF50023C275 /* Frameworks */ = {
			isa = PBXFrameworksBuildPhase;
			buildActionMask = 2147483647;
			files = (
				CEE036C877306CB141E92D5F /* Pods_ProjectGreenUITests.framework in Frameworks */,
			);
			runOnlyForDeploymentPostprocessing = 0;
		};
/* End PBXFrameworksBuildPhase section */

/* Begin PBXGroup section */
		955830ACE0A7AFFE1C283FC3 /* Pods */ = {
			isa = PBXGroup;
			children = (
				74F4A61515DDE77B2A3D3013 /* Pods-ProjectGreen.debug.xcconfig */,
				CDCC320C05AC7AD5EB604AA1 /* Pods-ProjectGreen.release.xcconfig */,
				988255E0800975DBE63C872F /* Pods-ProjectGreenTests.debug.xcconfig */,
				B58BC7B94B2F9767EDA31F0E /* Pods-ProjectGreenTests.release.xcconfig */,
				AE0CCAD71B505D4D95383D30 /* Pods-ProjectGreenUITests.debug.xcconfig */,
				6A57A45F00161A8702ED7F8B /* Pods-ProjectGreenUITests.release.xcconfig */,
			);
			name = Pods;
			sourceTree = "<group>";
		};
		98E606481E5C8FF40023C275 = {
			isa = PBXGroup;
			children = (
				98E606531E5C8FF40023C275 /* ProjectGreen */,
				98E6066E1E5C8FF50023C275 /* ProjectGreenTests */,
				98E606791E5C8FF50023C275 /* ProjectGreenUITests */,
				98E606521E5C8FF40023C275 /* Products */,
				955830ACE0A7AFFE1C283FC3 /* Pods */,
				B7A8A4C8350FF7700D2D35BB /* Frameworks */,
			);
			sourceTree = "<group>";
		};
		98E606521E5C8FF40023C275 /* Products */ = {
			isa = PBXGroup;
			children = (
				98E606511E5C8FF40023C275 /* ProjectGreen.app */,
				98E6066B1E5C8FF50023C275 /* ProjectGreenTests.xctest */,
				98E606761E5C8FF50023C275 /* ProjectGreenUITests.xctest */,
			);
			name = Products;
			sourceTree = "<group>";
		};
		98E606531E5C8FF40023C275 /* ProjectGreen */ = {
			isa = PBXGroup;
			children = (
				98E606541E5C8FF40023C275 /* AppDelegate.swift */,
				98E606561E5C8FF40023C275 /* GameScene.sks */,
				98E606581E5C8FF40023C275 /* Actions.sks */,
				66BF45181E5DCFDC001CE9E9 /* SignInViewController.swift */,
				98E6065C1E5C8FF40023C275 /* GameViewController.swift */,
				669E93051E6874A400C2C17F /* FirstViewController.swift */,
				664EC8701E6962030059D2BA /* QRViewerViewController.swift */,
				66CF94571E6C39A500CF3034 /* InLobbyViewController.swift */,
				66A88E191E5F0794001789FD /* Main.storyboard */,
				98E606611E5C8FF50023C275 /* Assets.xcassets */,
				98E606631E5C8FF50023C275 /* LaunchScreen.storyboard */,
				98E606661E5C8FF50023C275 /* Info.plist */,
				66BF451A1E5DCFF9001CE9E9 /* GoogleService-Info.plist */,
			);
			path = ProjectGreen;
			sourceTree = "<group>";
		};
		98E6066E1E5C8FF50023C275 /* ProjectGreenTests */ = {
			isa = PBXGroup;
			children = (
				98E6066F1E5C8FF50023C275 /* ProjectGreenTests.swift */,
				98E606711E5C8FF50023C275 /* Info.plist */,
			);
			path = ProjectGreenTests;
			sourceTree = "<group>";
		};
		98E606791E5C8FF50023C275 /* ProjectGreenUITests */ = {
			isa = PBXGroup;
			children = (
				98E6067A1E5C8FF50023C275 /* ProjectGreenUITests.swift */,
				98E6067C1E5C8FF50023C275 /* Info.plist */,
			);
			path = ProjectGreenUITests;
			sourceTree = "<group>";
		};
		B7A8A4C8350FF7700D2D35BB /* Frameworks */ = {
			isa = PBXGroup;
			children = (
				05FCC7B2F3199301684F0785 /* Pods_ProjectGreen.framework */,
				5537ED5C5908DBA11F64292B /* Pods_ProjectGreenTests.framework */,
				12726B40980C3A2FFAB2BF88 /* Pods_ProjectGreenUITests.framework */,
			);
			name = Frameworks;
			sourceTree = "<group>";
		};
/* End PBXGroup section */

/* Begin PBXNativeTarget section */
		98E606501E5C8FF40023C275 /* ProjectGreen */ = {
			isa = PBXNativeTarget;
			buildConfigurationList = 98E6067F1E5C8FF50023C275 /* Build configuration list for PBXNativeTarget "ProjectGreen" */;
			buildPhases = (
				4EC16A4A49736824BAC735C7 /* [CP] Check Pods Manifest.lock */,
				98E6064D1E5C8FF40023C275 /* Sources */,
				98E6064E1E5C8FF40023C275 /* Frameworks */,
				98E6064F1E5C8FF40023C275 /* Resources */,
				85AF327A2D234BD59684A6B7 /* [CP] Embed Pods Frameworks */,
				0A6584898F674E1EED9681BF /* [CP] Copy Pods Resources */,
			);
			buildRules = (
			);
			dependencies = (
			);
			name = ProjectGreen;
			productName = ProjectGreen;
			productReference = 98E606511E5C8FF40023C275 /* ProjectGreen.app */;
			productType = "com.apple.product-type.application";
		};
		98E6066A1E5C8FF50023C275 /* ProjectGreenTests */ = {
			isa = PBXNativeTarget;
			buildConfigurationList = 98E606821E5C8FF50023C275 /* Build configuration list for PBXNativeTarget "ProjectGreenTests" */;
			buildPhases = (
				B4889849AA509C9222BC1016 /* [CP] Check Pods Manifest.lock */,
				98E606671E5C8FF50023C275 /* Sources */,
				98E606681E5C8FF50023C275 /* Frameworks */,
				98E606691E5C8FF50023C275 /* Resources */,
				FF71A6AF5BF5BA7FCD4FBCFF /* [CP] Embed Pods Frameworks */,
				6746E9E9EA8AB615D5D1B027 /* [CP] Copy Pods Resources */,
			);
			buildRules = (
			);
			dependencies = (
				98E6066D1E5C8FF50023C275 /* PBXTargetDependency */,
			);
			name = ProjectGreenTests;
			productName = ProjectGreenTests;
			productReference = 98E6066B1E5C8FF50023C275 /* ProjectGreenTests.xctest */;
			productType = "com.apple.product-type.bundle.unit-test";
		};
		98E606751E5C8FF50023C275 /* ProjectGreenUITests */ = {
			isa = PBXNativeTarget;
			buildConfigurationList = 98E606851E5C8FF50023C275 /* Build configuration list for PBXNativeTarget "ProjectGreenUITests" */;
			buildPhases = (
				784895F5A4ECFFA66296E161 /* [CP] Check Pods Manifest.lock */,
				98E606721E5C8FF50023C275 /* Sources */,
				98E606731E5C8FF50023C275 /* Frameworks */,
				98E606741E5C8FF50023C275 /* Resources */,
				C57F80263AB1AFA005577284 /* [CP] Embed Pods Frameworks */,
				A4B71DEC03E3C241B834288B /* [CP] Copy Pods Resources */,
			);
			buildRules = (
			);
			dependencies = (
				98E606781E5C8FF50023C275 /* PBXTargetDependency */,
			);
			name = ProjectGreenUITests;
			productName = ProjectGreenUITests;
			productReference = 98E606761E5C8FF50023C275 /* ProjectGreenUITests.xctest */;
			productType = "com.apple.product-type.bundle.ui-testing";
		};
/* End PBXNativeTarget section */

/* Begin PBXProject section */
		98E606491E5C8FF40023C275 /* Project object */ = {
			isa = PBXProject;
			attributes = {
				LastSwiftUpdateCheck = 0820;
				LastUpgradeCheck = 0820;
				ORGANIZATIONNAME = "Manzanita Labs";
				TargetAttributes = {
					98E606501E5C8FF40023C275 = {
						CreatedOnToolsVersion = 8.2.1;
						DevelopmentTeam = KGN5G34954;
						ProvisioningStyle = Automatic;
					};
					98E6066A1E5C8FF50023C275 = {
						CreatedOnToolsVersion = 8.2.1;
						DevelopmentTeam = KGN5G34954;
						ProvisioningStyle = Automatic;
						TestTargetID = 98E606501E5C8FF40023C275;
					};
					98E606751E5C8FF50023C275 = {
						CreatedOnToolsVersion = 8.2.1;
						DevelopmentTeam = KGN5G34954;
						ProvisioningStyle = Automatic;
						TestTargetID = 98E606501E5C8FF40023C275;
					};
				};
			};
			buildConfigurationList = 98E6064C1E5C8FF40023C275 /* Build configuration list for PBXProject "ProjectGreen" */;
			compatibilityVersion = "Xcode 3.2";
			developmentRegion = English;
			hasScannedForEncodings = 0;
			knownRegions = (
				en,
				Base,
			);
			mainGroup = 98E606481E5C8FF40023C275;
			productRefGroup = 98E606521E5C8FF40023C275 /* Products */;
			projectDirPath = "";
			projectRoot = "";
			targets = (
				98E606501E5C8FF40023C275 /* ProjectGreen */,
				98E6066A1E5C8FF50023C275 /* ProjectGreenTests */,
				98E606751E5C8FF50023C275 /* ProjectGreenUITests */,
			);
		};
/* End PBXProject section */

/* Begin PBXResourcesBuildPhase section */
		98E6064F1E5C8FF40023C275 /* Resources */ = {
			isa = PBXResourcesBuildPhase;
			buildActionMask = 2147483647;
			files = (
				98E606571E5C8FF40023C275 /* GameScene.sks in Resources */,
				98E606621E5C8FF50023C275 /* Assets.xcassets in Resources */,
				98E606651E5C8FF50023C275 /* LaunchScreen.storyboard in Resources */,
				66A88E1B1E5F0794001789FD /* Main.storyboard in Resources */,
				98E606591E5C8FF40023C275 /* Actions.sks in Resources */,
				66BF451B1E5DCFF9001CE9E9 /* GoogleService-Info.plist in Resources */,
			);
			runOnlyForDeploymentPostprocessing = 0;
		};
		98E606691E5C8FF50023C275 /* Resources */ = {
			isa = PBXResourcesBuildPhase;
			buildActionMask = 2147483647;
			files = (
			);
			runOnlyForDeploymentPostprocessing = 0;
		};
		98E606741E5C8FF50023C275 /* Resources */ = {
			isa = PBXResourcesBuildPhase;
			buildActionMask = 2147483647;
			files = (
			);
			runOnlyForDeploymentPostprocessing = 0;
		};
/* End PBXResourcesBuildPhase section */

/* Begin PBXShellScriptBuildPhase section */
		0A6584898F674E1EED9681BF /* [CP] Copy Pods Resources */ = {
			isa = PBXShellScriptBuildPhase;
			buildActionMask = 2147483647;
			files = (
			);
			inputPaths = (
			);
			name = "[CP] Copy Pods Resources";
			outputPaths = (
			);
			runOnlyForDeploymentPostprocessing = 0;
			shellPath = /bin/sh;
			shellScript = "\"${SRCROOT}/Pods/Target Support Files/Pods-ProjectGreen/Pods-ProjectGreen-resources.sh\"\n";
			showEnvVarsInLog = 0;
		};
		4EC16A4A49736824BAC735C7 /* [CP] Check Pods Manifest.lock */ = {
			isa = PBXShellScriptBuildPhase;
			buildActionMask = 2147483647;
			files = (
			);
			inputPaths = (
			);
			name = "[CP] Check Pods Manifest.lock";
			outputPaths = (
			);
			runOnlyForDeploymentPostprocessing = 0;
			shellPath = /bin/sh;
			shellScript = "diff \"${PODS_ROOT}/../Podfile.lock\" \"${PODS_ROOT}/Manifest.lock\" > /dev/null\nif [ $? != 0 ] ; then\n    # print error to STDERR\n    echo \"error: The sandbox is not in sync with the Podfile.lock. Run 'pod install' or update your CocoaPods installation.\" >&2\n    exit 1\nfi\n";
			showEnvVarsInLog = 0;
		};
		6746E9E9EA8AB615D5D1B027 /* [CP] Copy Pods Resources */ = {
			isa = PBXShellScriptBuildPhase;
			buildActionMask = 2147483647;
			files = (
			);
			inputPaths = (
			);
			name = "[CP] Copy Pods Resources";
			outputPaths = (
			);
			runOnlyForDeploymentPostprocessing = 0;
			shellPath = /bin/sh;
			shellScript = "\"${SRCROOT}/Pods/Target Support Files/Pods-ProjectGreenTests/Pods-ProjectGreenTests-resources.sh\"\n";
			showEnvVarsInLog = 0;
		};
		784895F5A4ECFFA66296E161 /* [CP] Check Pods Manifest.lock */ = {
			isa = PBXShellScriptBuildPhase;
			buildActionMask = 2147483647;
			files = (
			);
			inputPaths = (
			);
			name = "[CP] Check Pods Manifest.lock";
			outputPaths = (
			);
			runOnlyForDeploymentPostprocessing = 0;
			shellPath = /bin/sh;
			shellScript = "diff \"${PODS_ROOT}/../Podfile.lock\" \"${PODS_ROOT}/Manifest.lock\" > /dev/null\nif [ $? != 0 ] ; then\n    # print error to STDERR\n    echo \"error: The sandbox is not in sync with the Podfile.lock. Run 'pod install' or update your CocoaPods installation.\" >&2\n    exit 1\nfi\n";
			showEnvVarsInLog = 0;
		};
		85AF327A2D234BD59684A6B7 /* [CP] Embed Pods Frameworks */ = {
			isa = PBXShellScriptBuildPhase;
			buildActionMask = 2147483647;
			files = (
			);
			inputPaths = (
			);
			name = "[CP] Embed Pods Frameworks";
			outputPaths = (
			);
			runOnlyForDeploymentPostprocessing = 0;
			shellPath = /bin/sh;
			shellScript = "\"${SRCROOT}/Pods/Target Support Files/Pods-ProjectGreen/Pods-ProjectGreen-frameworks.sh\"\n";
			showEnvVarsInLog = 0;
		};
		A4B71DEC03E3C241B834288B /* [CP] Copy Pods Resources */ = {
			isa = PBXShellScriptBuildPhase;
			buildActionMask = 2147483647;
			files = (
			);
			inputPaths = (
			);
			name = "[CP] Copy Pods Resources";
			outputPaths = (
			);
			runOnlyForDeploymentPostprocessing = 0;
			shellPath = /bin/sh;
			shellScript = "\"${SRCROOT}/Pods/Target Support Files/Pods-ProjectGreenUITests/Pods-ProjectGreenUITests-resources.sh\"\n";
			showEnvVarsInLog = 0;
		};
		B4889849AA509C9222BC1016 /* [CP] Check Pods Manifest.lock */ = {
			isa = PBXShellScriptBuildPhase;
			buildActionMask = 2147483647;
			files = (
			);
			inputPaths = (
			);
			name = "[CP] Check Pods Manifest.lock";
			outputPaths = (
			);
			runOnlyForDeploymentPostprocessing = 0;
			shellPath = /bin/sh;
			shellScript = "diff \"${PODS_ROOT}/../Podfile.lock\" \"${PODS_ROOT}/Manifest.lock\" > /dev/null\nif [ $? != 0 ] ; then\n    # print error to STDERR\n    echo \"error: The sandbox is not in sync with the Podfile.lock. Run 'pod install' or update your CocoaPods installation.\" >&2\n    exit 1\nfi\n";
			showEnvVarsInLog = 0;
		};
		C57F80263AB1AFA005577284 /* [CP] Embed Pods Frameworks */ = {
			isa = PBXShellScriptBuildPhase;
			buildActionMask = 2147483647;
			files = (
			);
			inputPaths = (
			);
			name = "[CP] Embed Pods Frameworks";
			outputPaths = (
			);
			runOnlyForDeploymentPostprocessing = 0;
			shellPath = /bin/sh;
			shellScript = "\"${SRCROOT}/Pods/Target Support Files/Pods-ProjectGreenUITests/Pods-ProjectGreenUITests-frameworks.sh\"\n";
			showEnvVarsInLog = 0;
		};
		FF71A6AF5BF5BA7FCD4FBCFF /* [CP] Embed Pods Frameworks */ = {
			isa = PBXShellScriptBuildPhase;
			buildActionMask = 2147483647;
			files = (
			);
			inputPaths = (
			);
			name = "[CP] Embed Pods Frameworks";
			outputPaths = (
			);
			runOnlyForDeploymentPostprocessing = 0;
			shellPath = /bin/sh;
			shellScript = "\"${SRCROOT}/Pods/Target Support Files/Pods-ProjectGreenTests/Pods-ProjectGreenTests-frameworks.sh\"\n";
			showEnvVarsInLog = 0;
		};
/* End PBXShellScriptBuildPhase section */

/* Begin PBXSourcesBuildPhase section */
		98E6064D1E5C8FF40023C275 /* Sources */ = {
			isa = PBXSourcesBuildPhase;
			buildActionMask = 2147483647;
			files = (
				66BF45191E5DCFDC001CE9E9 /* SignInViewController.swift in Sources */,
				664EC8711E6962030059D2BA /* QRViewerViewController.swift in Sources */,
				66CF94581E6C39A500CF3034 /* InLobbyViewController.swift in Sources */,
				98E6065D1E5C8FF40023C275 /* GameViewController.swift in Sources */,
				98E606551E5C8FF40023C275 /* AppDelegate.swift in Sources */,
				669E93061E6874A400C2C17F /* FirstViewController.swift in Sources */,
			);
			runOnlyForDeploymentPostprocessing = 0;
		};
		98E606671E5C8FF50023C275 /* Sources */ = {
			isa = PBXSourcesBuildPhase;
			buildActionMask = 2147483647;
			files = (
				98E606701E5C8FF50023C275 /* ProjectGreenTests.swift in Sources */,
			);
			runOnlyForDeploymentPostprocessing = 0;
		};
		98E606721E5C8FF50023C275 /* Sources */ = {
			isa = PBXSourcesBuildPhase;
			buildActionMask = 2147483647;
			files = (
				98E6067B1E5C8FF50023C275 /* ProjectGreenUITests.swift in Sources */,
			);
			runOnlyForDeploymentPostprocessing = 0;
		};
/* End PBXSourcesBuildPhase section */

/* Begin PBXTargetDependency section */
		98E6066D1E5C8FF50023C275 /* PBXTargetDependency */ = {
			isa = PBXTargetDependency;
			target = 98E606501E5C8FF40023C275 /* ProjectGreen */;
			targetProxy = 98E6066C1E5C8FF50023C275 /* PBXContainerItemProxy */;
		};
		98E606781E5C8FF50023C275 /* PBXTargetDependency */ = {
			isa = PBXTargetDependency;
			target = 98E606501E5C8FF40023C275 /* ProjectGreen */;
			targetProxy = 98E606771E5C8FF50023C275 /* PBXContainerItemProxy */;
		};
/* End PBXTargetDependency section */

/* Begin PBXVariantGroup section */
		66A88E191E5F0794001789FD /* Main.storyboard */ = {
			isa = PBXVariantGroup;
			children = (
				66A88E1A1E5F0794001789FD /* Base */,
			);
			name = Main.storyboard;
			sourceTree = "<group>";
		};
		98E606631E5C8FF50023C275 /* LaunchScreen.storyboard */ = {
			isa = PBXVariantGroup;
			children = (
				98E606641E5C8FF50023C275 /* Base */,
			);
			name = LaunchScreen.storyboard;
			sourceTree = "<group>";
		};
/* End PBXVariantGroup section */

/* Begin XCBuildConfiguration section */
		98E6067D1E5C8FF50023C275 /* Debug */ = {
			isa = XCBuildConfiguration;
			buildSettings = {
				ALWAYS_SEARCH_USER_PATHS = NO;
				CLANG_ANALYZER_NONNULL = YES;
				CLANG_CXX_LANGUAGE_STANDARD = "gnu++0x";
				CLANG_CXX_LIBRARY = "libc++";
				CLANG_ENABLE_MODULES = YES;
				CLANG_ENABLE_OBJC_ARC = YES;
				CLANG_WARN_BOOL_CONVERSION = YES;
				CLANG_WARN_CONSTANT_CONVERSION = YES;
				CLANG_WARN_DIRECT_OBJC_ISA_USAGE = YES_ERROR;
				CLANG_WARN_DOCUMENTATION_COMMENTS = YES;
				CLANG_WARN_EMPTY_BODY = YES;
				CLANG_WARN_ENUM_CONVERSION = YES;
				CLANG_WARN_INFINITE_RECURSION = YES;
				CLANG_WARN_INT_CONVERSION = YES;
				CLANG_WARN_OBJC_ROOT_CLASS = YES_ERROR;
				CLANG_WARN_SUSPICIOUS_MOVE = YES;
				CLANG_WARN_UNREACHABLE_CODE = YES;
				CLANG_WARN__DUPLICATE_METHOD_MATCH = YES;
				"CODE_SIGN_IDENTITY[sdk=iphoneos*]" = "iPhone Developer";
				COPY_PHASE_STRIP = NO;
				DEBUG_INFORMATION_FORMAT = dwarf;
				ENABLE_STRICT_OBJC_MSGSEND = YES;
				ENABLE_TESTABILITY = YES;
				GCC_C_LANGUAGE_STANDARD = gnu99;
				GCC_DYNAMIC_NO_PIC = NO;
				GCC_NO_COMMON_BLOCKS = YES;
				GCC_OPTIMIZATION_LEVEL = 0;
				GCC_PREPROCESSOR_DEFINITIONS = (
					"DEBUG=1",
					"$(inherited)",
				);
				GCC_WARN_64_TO_32_BIT_CONVERSION = YES;
				GCC_WARN_ABOUT_RETURN_TYPE = YES_ERROR;
				GCC_WARN_UNDECLARED_SELECTOR = YES;
				GCC_WARN_UNINITIALIZED_AUTOS = YES_AGGRESSIVE;
				GCC_WARN_UNUSED_FUNCTION = YES;
				GCC_WARN_UNUSED_VARIABLE = YES;
				IPHONEOS_DEPLOYMENT_TARGET = 10.2;
				MTL_ENABLE_DEBUG_INFO = YES;
				ONLY_ACTIVE_ARCH = YES;
				SDKROOT = iphoneos;
				SWIFT_ACTIVE_COMPILATION_CONDITIONS = DEBUG;
				SWIFT_OPTIMIZATION_LEVEL = "-Onone";
				TARGETED_DEVICE_FAMILY = "1,2";
			};
			name = Debug;
		};
		98E6067E1E5C8FF50023C275 /* Release */ = {
			isa = XCBuildConfiguration;
			buildSettings = {
				ALWAYS_SEARCH_USER_PATHS = NO;
				CLANG_ANALYZER_NONNULL = YES;
				CLANG_CXX_LANGUAGE_STANDARD = "gnu++0x";
				CLANG_CXX_LIBRARY = "libc++";
				CLANG_ENABLE_MODULES = YES;
				CLANG_ENABLE_OBJC_ARC = YES;
				CLANG_WARN_BOOL_CONVERSION = YES;
				CLANG_WARN_CONSTANT_CONVERSION = YES;
				CLANG_WARN_DIRECT_OBJC_ISA_USAGE = YES_ERROR;
				CLANG_WARN_DOCUMENTATION_COMMENTS = YES;
				CLANG_WARN_EMPTY_BODY = YES;
				CLANG_WARN_ENUM_CONVERSION = YES;
				CLANG_WARN_INFINITE_RECURSION = YES;
				CLANG_WARN_INT_CONVERSION = YES;
				CLANG_WARN_OBJC_ROOT_CLASS = YES_ERROR;
				CLANG_WARN_SUSPICIOUS_MOVE = YES;
				CLANG_WARN_UNREACHABLE_CODE = YES;
				CLANG_WARN__DUPLICATE_METHOD_MATCH = YES;
				"CODE_SIGN_IDENTITY[sdk=iphoneos*]" = "iPhone Developer";
				COPY_PHASE_STRIP = NO;
				DEBUG_INFORMATION_FORMAT = "dwarf-with-dsym";
				ENABLE_NS_ASSERTIONS = NO;
				ENABLE_STRICT_OBJC_MSGSEND = YES;
				GCC_C_LANGUAGE_STANDARD = gnu99;
				GCC_NO_COMMON_BLOCKS = YES;
				GCC_WARN_64_TO_32_BIT_CONVERSION = YES;
				GCC_WARN_ABOUT_RETURN_TYPE = YES_ERROR;
				GCC_WARN_UNDECLARED_SELECTOR = YES;
				GCC_WARN_UNINITIALIZED_AUTOS = YES_AGGRESSIVE;
				GCC_WARN_UNUSED_FUNCTION = YES;
				GCC_WARN_UNUSED_VARIABLE = YES;
				IPHONEOS_DEPLOYMENT_TARGET = 10.2;
				MTL_ENABLE_DEBUG_INFO = NO;
				SDKROOT = iphoneos;
				SWIFT_OPTIMIZATION_LEVEL = "-Owholemodule";
				TARGETED_DEVICE_FAMILY = "1,2";
				VALIDATE_PRODUCT = YES;
			};
			name = Release;
		};
		98E606801E5C8FF50023C275 /* Debug */ = {
			isa = XCBuildConfiguration;
			baseConfigurationReference = 74F4A61515DDE77B2A3D3013 /* Pods-ProjectGreen.debug.xcconfig */;
			buildSettings = {
				ASSETCATALOG_COMPILER_APPICON_NAME = AppIcon;
				DEVELOPMENT_TEAM = KGN5G34954;
				INFOPLIST_FILE = ProjectGreen/Info.plist;
				IPHONEOS_DEPLOYMENT_TARGET = 10.2;
				LD_RUNPATH_SEARCH_PATHS = "$(inherited) @executable_path/Frameworks";
				PRODUCT_BUNDLE_IDENTIFIER = com.manzanitalabs.ProjectGreen;
				PRODUCT_NAME = "$(TARGET_NAME)";
				SWIFT_VERSION = 3.0;
			};
			name = Debug;
		};
		98E606811E5C8FF50023C275 /* Release */ = {
			isa = XCBuildConfiguration;
			baseConfigurationReference = CDCC320C05AC7AD5EB604AA1 /* Pods-ProjectGreen.release.xcconfig */;
			buildSettings = {
				ASSETCATALOG_COMPILER_APPICON_NAME = AppIcon;
				DEVELOPMENT_TEAM = KGN5G34954;
				INFOPLIST_FILE = ProjectGreen/Info.plist;
				IPHONEOS_DEPLOYMENT_TARGET = 10.2;
				LD_RUNPATH_SEARCH_PATHS = "$(inherited) @executable_path/Frameworks";
				PRODUCT_BUNDLE_IDENTIFIER = com.manzanitalabs.ProjectGreen;
				PRODUCT_NAME = "$(TARGET_NAME)";
				SWIFT_VERSION = 3.0;
			};
			name = Release;
		};
		98E606831E5C8FF50023C275 /* Debug */ = {
			isa = XCBuildConfiguration;
			baseConfigurationReference = 988255E0800975DBE63C872F /* Pods-ProjectGreenTests.debug.xcconfig */;
			buildSettings = {
				ALWAYS_EMBED_SWIFT_STANDARD_LIBRARIES = YES;
				BUNDLE_LOADER = "$(TEST_HOST)";
				DEVELOPMENT_TEAM = KGN5G34954;
				INFOPLIST_FILE = ProjectGreenTests/Info.plist;
				LD_RUNPATH_SEARCH_PATHS = "$(inherited) @executable_path/Frameworks @loader_path/Frameworks";
				PRODUCT_BUNDLE_IDENTIFIER = manzanitalabs.ProjectGreenTests;
				PRODUCT_NAME = "$(TARGET_NAME)";
				SWIFT_VERSION = 3.0;
				TEST_HOST = "$(BUILT_PRODUCTS_DIR)/ProjectGreen.app/ProjectGreen";
			};
			name = Debug;
		};
		98E606841E5C8FF50023C275 /* Release */ = {
			isa = XCBuildConfiguration;
			baseConfigurationReference = B58BC7B94B2F9767EDA31F0E /* Pods-ProjectGreenTests.release.xcconfig */;
			buildSettings = {
				ALWAYS_EMBED_SWIFT_STANDARD_LIBRARIES = YES;
				BUNDLE_LOADER = "$(TEST_HOST)";
				DEVELOPMENT_TEAM = KGN5G34954;
				INFOPLIST_FILE = ProjectGreenTests/Info.plist;
				LD_RUNPATH_SEARCH_PATHS = "$(inherited) @executable_path/Frameworks @loader_path/Frameworks";
				PRODUCT_BUNDLE_IDENTIFIER = manzanitalabs.ProjectGreenTests;
				PRODUCT_NAME = "$(TARGET_NAME)";
				SWIFT_VERSION = 3.0;
				TEST_HOST = "$(BUILT_PRODUCTS_DIR)/ProjectGreen.app/ProjectGreen";
			};
			name = Release;
		};
		98E606861E5C8FF50023C275 /* Debug */ = {
			isa = XCBuildConfiguration;
			baseConfigurationReference = AE0CCAD71B505D4D95383D30 /* Pods-ProjectGreenUITests.debug.xcconfig */;
			buildSettings = {
				ALWAYS_EMBED_SWIFT_STANDARD_LIBRARIES = YES;
				DEVELOPMENT_TEAM = KGN5G34954;
				INFOPLIST_FILE = ProjectGreenUITests/Info.plist;
				LD_RUNPATH_SEARCH_PATHS = "$(inherited) @executable_path/Frameworks @loader_path/Frameworks";
				PRODUCT_BUNDLE_IDENTIFIER = manzanitalabs.ProjectGreenUITests;
				PRODUCT_NAME = "$(TARGET_NAME)";
				SWIFT_VERSION = 3.0;
				TEST_TARGET_NAME = ProjectGreen;
			};
			name = Debug;
		};
		98E606871E5C8FF50023C275 /* Release */ = {
			isa = XCBuildConfiguration;
			baseConfigurationReference = 6A57A45F00161A8702ED7F8B /* Pods-ProjectGreenUITests.release.xcconfig */;
			buildSettings = {
				ALWAYS_EMBED_SWIFT_STANDARD_LIBRARIES = YES;
				DEVELOPMENT_TEAM = KGN5G34954;
				INFOPLIST_FILE = ProjectGreenUITests/Info.plist;
				LD_RUNPATH_SEARCH_PATHS = "$(inherited) @executable_path/Frameworks @loader_path/Frameworks";
				PRODUCT_BUNDLE_IDENTIFIER = manzanitalabs.ProjectGreenUITests;
				PRODUCT_NAME = "$(TARGET_NAME)";
				SWIFT_VERSION = 3.0;
				TEST_TARGET_NAME = ProjectGreen;
			};
			name = Release;
		};
/* End XCBuildConfiguration section */

/* Begin XCConfigurationList section */
		98E6064C1E5C8FF40023C275 /* Build configuration list for PBXProject "ProjectGreen" */ = {
			isa = XCConfigurationList;
			buildConfigurations = (
				98E6067D1E5C8FF50023C275 /* Debug */,
				98E6067E1E5C8FF50023C275 /* Release */,
			);
			defaultConfigurationIsVisible = 0;
			defaultConfigurationName = Release;
		};
		98E6067F1E5C8FF50023C275 /* Build configuration list for PBXNativeTarget "ProjectGreen" */ = {
			isa = XCConfigurationList;
			buildConfigurations = (
				98E606801E5C8FF50023C275 /* Debug */,
				98E606811E5C8FF50023C275 /* Release */,
			);
			defaultConfigurationIsVisible = 0;
			defaultConfigurationName = Release;
		};
		98E606821E5C8FF50023C275 /* Build configuration list for PBXNativeTarget "ProjectGreenTests" */ = {
			isa = XCConfigurationList;
			buildConfigurations = (
				98E606831E5C8FF50023C275 /* Debug */,
				98E606841E5C8FF50023C275 /* Release */,
			);
			defaultConfigurationIsVisible = 0;
			defaultConfigurationName = Release;
		};
		98E606851E5C8FF50023C275 /* Build configuration list for PBXNativeTarget "ProjectGreenUITests" */ = {
			isa = XCConfigurationList;
			buildConfigurations = (
				98E606861E5C8FF50023C275 /* Debug */,
				98E606871E5C8FF50023C275 /* Release */,
			);
			defaultConfigurationIsVisible = 0;
			defaultConfigurationName = Release;
		};
/* End XCConfigurationList section */
	};
	rootObject = 98E606491E5C8FF40023C275 /* Project object */;
}
